
Microsoft Visual Studio Solution File, Format Version 12.00
# Visual Studio Version 17
VisualStudioVersion = 17.0.31919.166
MinimumVisualStudioVersion = 10.0.40219.1
Project("{9A19103F-16F7-4668-BE54-9A1E7A4F7556}") = "ELogLib", "ELogLib\ELogLib.csproj", "{30D31C36-8262-466E-8A12-E91F825E8E72}"
EndProject
Project("{FAE04EC0-301F-11D3-BF4B-00C04F79EFBC}") = "ELogBenchmark", "ELogBenchmark\ELogBenchmark.csproj", "{3B42C214-585F-4DF0-84CD-9C9D206295A4}"
EndProject
Global
	GlobalSection(SolutionConfigurationPlatforms) = preSolution
		Debug|Any CPU = Debug|Any CPU
		Release|Any CPU = Release|Any CPU
	EndGlobalSection
	GlobalSection(ProjectConfigurationPlatforms) = postSolution
		{30D31C36-8262-466E-8A12-E91F825E8E72}.Debug|Any CPU.ActiveCfg = Debug|Any CPU
		{30D31C36-8262-466E-8A12-E91F825E8E72}.Debug|Any CPU.Build.0 = Debug|Any CPU
		{30D31C36-8262-466E-8A12-E91F825E8E72}.Release|Any CPU.ActiveCfg = Release|Any CPU
		{30D31C36-8262-466E-8A12-E91F825E8E72}.Release|Any CPU.Build.0 = Release|Any CPU
		{3B42C214-585F-4DF0-84CD-9C9D206295A4}.Debug|Any CPU.ActiveCfg = Debug|Any CPU
		{3B42C214-585F-4DF0-84CD-9C9D206295A4}.Debug|Any CPU.Build.0 = Debug|Any CPU
		{3B42C214-585F-4DF0-84CD-9C9D206295A4}.Release|Any CPU.ActiveCfg = Release|Any CPU
		{3B42C214-585F-4DF0-84CD-9C9D206295A4}.Release|Any CPU.Build.0 = Release|Any CPU
	EndGlobalSection
	GlobalSection(SolutionProperties) = preSolution
		HideSolutionNode = FALSE
	EndGlobalSection
	GlobalSection(ExtensibilityGlobals) = postSolution
		SolutionGuid = {CDF5FB66-6A3C-411B-9CB7-052A7FE73083}
	EndGlobalSection
EndGlobal
